
Microsoft Visual Studio Solution File, Format Version 12.00
# Visual Studio 15
VisualStudioVersion = 15.0.26730.8
MinimumVisualStudioVersion = 10.0.40219.1
Project("{888888A0-9F3D-457C-B088-3A5042F75D52}") = "word_master", "django_app\word_master.pyproj", "{1824BEF0-8E93-4DD3-85DE-2804D649C9F0}"
EndProject
Global
	GlobalSection(SolutionConfigurationPlatforms) = preSolution
		Debug|Any CPU = Debug|Any CPU
		Release|Any CPU = Release|Any CPU
	EndGlobalSection
	GlobalSection(ProjectConfigurationPlatforms) = postSolution
		{1824BEF0-8E93-4DD3-85DE-2804D649C9F0}.Debug|Any CPU.ActiveCfg = Debug|Any CPU
		{1824BEF0-8E93-4DD3-85DE-2804D649C9F0}.Debug|Any CPU.Build.0 = Debug|Any CPU
		{1824BEF0-8E93-4DD3-85DE-2804D649C9F0}.Release|Any CPU.ActiveCfg = Release|Any CPU
		{1824BEF0-8E93-4DD3-85DE-2804D649C9F0}.Release|Any CPU.Build.0 = Release|Any CPU
	EndGlobalSection
	GlobalSection(SolutionProperties) = preSolution
		HideSolutionNode = FALSE
	EndGlobalSection
	GlobalSection(ExtensibilityGlobals) = postSolution
		SolutionGuid = {734EAB58-06F5-49BA-B596-4D6D3597A3EC}
	EndGlobalSection
EndGlobal
